github.com/davecgh/go-spew v1.1.1/go.mod h1:J7Y8YcW2NihsgmVo/mv3lAwl/skON4iLHjSsI+c5H38=
github.com/go-chi/chi v3.3.4+incompatible h1:X+OApYAmoQS6jr1WoUgW+t5Ry5RYGXq2A//WAL5xdAU=
github.com/go-chi/chi v3.3.4+incompatible/go.mod h1:eB3wogJHnLi3x/kFX2A+IbTBlXxmMeXJVKy9tTv1XzQ=
github.com/go-chi/chi/v4 v4.0.0-rc1/go.mod h1:Yfiy+5nynjDc7IMJiguACIro1KxlGW2dLUqcroaEUEY=
github.com/go-chi/docgen v1.0.3 h1:t5/E05khz0TVgZPFBw7laFACY7NhJkaHAl663TVDAWc=
github.com/go-chi/docgen v1.0.3/go.mod h1:C4H4JoYPRKUh32qwvCC53iUkozX1dc1ixKS222LpMvE=
github.com/go-chi/render v1.0.1 h1:4/5tis2cKaNdnv9zFLfXzcquC9HbeZgCnxGnKrltBS8=
github.com/go-chi/render v1.0.1/go.mod h1:pq4Rr7HbnsdaeHagklXub+p6Wd16Af5l9koip1OvJns=
github.com/go-chi/valve v0.0.0-20170920024740-9e45288364f4 h1:JYZmrkBDj6LwUbsRysF9tpLnz59npoZSI3KG2XHqvHw=
github.com/go-chi/valve v0.0.0-20170920024740-9e45288364f4/go.mod h1:F4ZINQr5T71wO1JOmdQsGTBew+njUAXn65LLGjuagwY=
github.com/konsorten/go-windows-terminal-sequences v1.0.1/go.mod h1:T0+1ngSBFLxvqU3pZ+m/2kptfBszLMUkC4ZK/EgS/cQ=
github.com/pmezard/go-difflib v1.0.0/go.mod h1:iKH77koFhYxTK1pcRnkKkqfTogsbg7gZNVY4sRDYZ/4=
github.com/sirupsen/logrus v1.3.0 h1:hI/7Q+DtNZ2kINb6qt/lS+IyXnHQe9e90POfeewL/ME=
github.com/sirupsen/logrus v1.3.0/go.mod h1:LxeOpSwHxABJmUn/MG1IvRgCAasNZTLOkJPxbbu5VWo=
github.com/stretchr/objx v0.1.1/go.mod h1:HFkY916IF+rwdDfMAkV7OtwuqBVzrE8GR6GFx+wExME=
github.com/stretchr/testify v1.2.2/go.mod h1:a8OnRcib4nhh0OaRAV+Yts87kKdq0PP7pXfy6kDkUVs=
golang.org/x/crypto v0.0.0-20180904163835-0709b304e793/go.mod h1:6SG95UA2DQfeDnfUPMdvaQW0Q7yPrPDi9nlGo2tz2b4=
golang.org/x/net v0.0.0-20190108155000-395948e2f546/go.mod h1:mL1N/T3taQHkDXs73rZJwtUhF3w3ftmwwsq0BUmARs4=
golang.org/x/sys v0.0.0-20180905080454-ebe1bf3edb33/go.mod h1:STP8DvDyc/dI5b8T5hshtkjS+E42TnysNCUPdjciGhY=
golang.org/x/text v0.3.0/go.mod h1:NqM8EUOU14njkJ3fqMW+pc6Ldnwhi/IjpwHt7yyuwOQ=
gopkg.in/check.v1 v0.0.0-20161208181325-20d25e280405/go.mod h1:Co6ibVJAznAaIkqp8huTwlJQCZ016jof/cbN4VW5Yz0=
gopkg.in/yaml.v2 v2.2.2/go.mod h1:hI93XBmqTisBFMUTm0b8Fm+jr3Dg1NNxqwp+5A1VGuI=
