github.com/go-chi/chi/v5 v5.0.1 h1:ALxjCrTf1aflOlkhMnCUP86MubbWFrzB3gkRPReLpTo=
github.com/go-chi/chi/v5 v5.0.1/go.mod h1:DslCQbL2OYiznFReuXYUmQ2hGd1aDpCnlMNITLSKoi8=
github.com/go-chi/docgen v1.2.0 h1:da0Nq2PKU9W9pSOTUfVrKI1vIgTGpauo9cfh4Iwivek=
github.com/go-chi/docgen v1.2.0/go.mod h1:G9W0G551cs2BFMSn/cnGwX+JBHEloAgo17MBhyrnhPI=
github.com/go-chi/render v1.0.1 h1:4/5tis2cKaNdnv9zFLfXzcquC9HbeZgCnxGnKrltBS8=
github.com/go-chi/render v1.0.1/go.mod h1:pq4Rr7HbnsdaeHagklXub+p6Wd16Af5l9koip1OvJns=
gopkg.in/check.v1 v0.0.0-20161208181325-20d25e280405/go.mod h1:Co6ibVJAznAaIkqp8huTwlJQCZ016jof/cbN4VW5Yz0=
gopkg.in/yaml.v2 v2.4.0/go.mod h1:RDklbk79AGWmwhnvt/jBztapEOGDOx6ZbXqjP6csGnQ=
